// !$*UTF8*$!
{
	archiveVersion = 1;
	classes = {
	};
	objectVersion = 48;
	objects = {

/* Begin PBXBuildFile section */
		12C4A5C3BAECEF055D53EF14 /* Pods_MyAssistant.framework in Frameworks */ = {isa = PBXBuildFile; fileRef = 16CEDFFEDA19DF9905C07829 /* Pods_MyAssistant.framework */; };
		CE2D1CB31FD54EA80047004F /* AppDelegate.swift in Sources */ = {isa = PBXBuildFile; fileRef = CE2D1CB21FD54EA80047004F /* AppDelegate.swift */; };
		CE2D1CB51FD54EA80047004F /* LoginViewController.swift in Sources */ = {isa = PBXBuildFile; fileRef = CE2D1CB41FD54EA80047004F /* LoginViewController.swift */; };
		CE2D1CB81FD54EA80047004F /* Main.storyboard in Resources */ = {isa = PBXBuildFile; fileRef = CE2D1CB61FD54EA80047004F /* Main.storyboard */; };
		CE2D1CBD1FD54EA80047004F /* Assets.xcassets in Resources */ = {isa = PBXBuildFile; fileRef = CE2D1CBC1FD54EA80047004F /* Assets.xcassets */; };
		CE2D1CC01FD54EA80047004F /* LaunchScreen.storyboard in Resources */ = {isa = PBXBuildFile; fileRef = CE2D1CBE1FD54EA80047004F /* LaunchScreen.storyboard */; };
		CE2E787E1FDABD5500AFA410 /* DatabaseController.swift in Sources */ = {isa = PBXBuildFile; fileRef = CE2E787D1FDABD5500AFA410 /* DatabaseController.swift */; };
		CE2E78801FDAC50500AFA410 /* PinDescriptionTableViewController.swift in Sources */ = {isa = PBXBuildFile; fileRef = CE2E787F1FDAC50500AFA410 /* PinDescriptionTableViewController.swift */; };
		CE68F3301FDE55E9001554DE /* CoreDataManager.swift in Sources */ = {isa = PBXBuildFile; fileRef = CE68F32F1FDE55E9001554DE /* CoreDataManager.swift */; };
		CE6F0B9C1FD8255F00D6A8EA /* PinAnnotation.swift in Sources */ = {isa = PBXBuildFile; fileRef = CE6F0B9B1FD8255F00D6A8EA /* PinAnnotation.swift */; };
		CE6F0B9E1FD908C000D6A8EA /* PinSaverTableViewController.swift in Sources */ = {isa = PBXBuildFile; fileRef = CE6F0B9D1FD908C000D6A8EA /* PinSaverTableViewController.swift */; };
		CE99B8B11FD6726600E605CF /* MapKit.framework in Frameworks */ = {isa = PBXBuildFile; fileRef = CE99B8B01FD6726600E605CF /* MapKit.framework */; };
		CE99B8B31FD672FB00E605CF /* CoreLocation.framework in Frameworks */ = {isa = PBXBuildFile; fileRef = CE99B8B21FD672C500E605CF /* CoreLocation.framework */; };
		CEA158591FE0F2F600BDA123 /* GoogleMapsViewController.swift in Sources */ = {isa = PBXBuildFile; fileRef = CEA158581FE0F2F600BDA123 /* GoogleMapsViewController.swift */; };
		CEA49BFD1FDA7C50002494B1 /* DashboardCollectionViewController.swift in Sources */ = {isa = PBXBuildFile; fileRef = CEA49BFC1FDA7C50002494B1 /* DashboardCollectionViewController.swift */; };
		CEBBCFB81FDE6E3D003C1E87 /* MyAssistant.xcdatamodeld in Sources */ = {isa = PBXBuildFile; fileRef = CEBBCFB51FDE6E25003C1E87 /* MyAssistant.xcdatamodeld */; };
		CEEDE6B41FD5709000570CA4 /* SettingsTableViewController.swift in Sources */ = {isa = PBXBuildFile; fileRef = CEEDE6B31FD5709000570CA4 /* SettingsTableViewController.swift */; };
		CEEDE6B61FD5783A00570CA4 /* Alert.swift in Sources */ = {isa = PBXBuildFile; fileRef = CEEDE6B51FD5783A00570CA4 /* Alert.swift */; };
		CEEDE6B81FD57B7300570CA4 /* MainNavigationController.swift in Sources */ = {isa = PBXBuildFile; fileRef = CEEDE6B71FD57B7300570CA4 /* MainNavigationController.swift */; };
		CEEDE6BA1FD66A3400570CA4 /* Maps.swift in Sources */ = {isa = PBXBuildFile; fileRef = CEEDE6B91FD66A3400570CA4 /* Maps.swift */; };
/* End PBXBuildFile section */

/* Begin PBXFileReference section */
		08BD1B7D4C947F4BABC926F6 /* Pods-MyAssistant.release.xcconfig */ = {isa = PBXFileReference; includeInIndex = 1; lastKnownFileType = text.xcconfig; name = "Pods-MyAssistant.release.xcconfig"; path = "Pods/Target Support Files/Pods-MyAssistant/Pods-MyAssistant.release.xcconfig"; sourceTree = "<group>"; };
		16CEDFFEDA19DF9905C07829 /* Pods_MyAssistant.framework */ = {isa = PBXFileReference; explicitFileType = wrapper.framework; includeInIndex = 0; path = Pods_MyAssistant.framework; sourceTree = BUILT_PRODUCTS_DIR; };
		3D39FC06B897CB995D87FE3D /* Pods-MyAssistant.debug.xcconfig */ = {isa = PBXFileReference; includeInIndex = 1; lastKnownFileType = text.xcconfig; name = "Pods-MyAssistant.debug.xcconfig"; path = "Pods/Target Support Files/Pods-MyAssistant/Pods-MyAssistant.debug.xcconfig"; sourceTree = "<group>"; };
		CE2D1CAF1FD54EA70047004F /* MyAssistant.app */ = {isa = PBXFileReference; explicitFileType = wrapper.application; includeInIndex = 0; path = MyAssistant.app; sourceTree = BUILT_PRODUCTS_DIR; };
		CE2D1CB21FD54EA80047004F /* AppDelegate.swift */ = {isa = PBXFileReference; lastKnownFileType = sourcecode.swift; path = AppDelegate.swift; sourceTree = "<group>"; };
		CE2D1CB41FD54EA80047004F /* LoginViewController.swift */ = {isa = PBXFileReference; lastKnownFileType = sourcecode.swift; path = LoginViewController.swift; sourceTree = "<group>"; };
		CE2D1CB71FD54EA80047004F /* Base */ = {isa = PBXFileReference; lastKnownFileType = file.storyboard; name = Base; path = Base.lproj/Main.storyboard; sourceTree = "<group>"; };
		CE2D1CBC1FD54EA80047004F /* Assets.xcassets */ = {isa = PBXFileReference; lastKnownFileType = folder.assetcatalog; path = Assets.xcassets; sourceTree = "<group>"; };
		CE2D1CBF1FD54EA80047004F /* Base */ = {isa = PBXFileReference; lastKnownFileType = file.storyboard; name = Base; path = Base.lproj/LaunchScreen.storyboard; sourceTree = "<group>"; };
		CE2D1CC11FD54EA80047004F /* Info.plist */ = {isa = PBXFileReference; lastKnownFileType = text.plist.xml; path = Info.plist; sourceTree = "<group>"; };
		CE2E787D1FDABD5500AFA410 /* DatabaseController.swift */ = {isa = PBXFileReference; lastKnownFileType = sourcecode.swift; path = DatabaseController.swift; sourceTree = "<group>"; };
		CE2E787F1FDAC50500AFA410 /* PinDescriptionTableViewController.swift */ = {isa = PBXFileReference; lastKnownFileType = sourcecode.swift; path = PinDescriptionTableViewController.swift; sourceTree = "<group>"; };
		CE68F32F1FDE55E9001554DE /* CoreDataManager.swift */ = {isa = PBXFileReference; lastKnownFileType = sourcecode.swift; path = CoreDataManager.swift; sourceTree = "<group>"; };
		CE6F0B9B1FD8255F00D6A8EA /* PinAnnotation.swift */ = {isa = PBXFileReference; lastKnownFileType = sourcecode.swift; path = PinAnnotation.swift; sourceTree = "<group>"; };
		CE6F0B9D1FD908C000D6A8EA /* PinSaverTableViewController.swift */ = {isa = PBXFileReference; lastKnownFileType = sourcecode.swift; path = PinSaverTableViewController.swift; sourceTree = "<group>"; };
		CE99B8B01FD6726600E605CF /* MapKit.framework */ = {isa = PBXFileReference; lastKnownFileType = wrapper.framework; name = MapKit.framework; path = System/Library/Frameworks/MapKit.framework; sourceTree = SDKROOT; };
		CE99B8B21FD672C500E605CF /* CoreLocation.framework */ = {isa = PBXFileReference; lastKnownFileType = wrapper.framework; name = CoreLocation.framework; path = System/Library/Frameworks/CoreLocation.framework; sourceTree = SDKROOT; };
		CEA158581FE0F2F600BDA123 /* GoogleMapsViewController.swift */ = {isa = PBXFileReference; lastKnownFileType = sourcecode.swift; path = GoogleMapsViewController.swift; sourceTree = "<group>"; };
		CEA49BFC1FDA7C50002494B1 /* DashboardCollectionViewController.swift */ = {isa = PBXFileReference; lastKnownFileType = sourcecode.swift; path = DashboardCollectionViewController.swift; sourceTree = "<group>"; };
		CEBBCFB61FDE6E25003C1E87 /* MyAssistant.xcdatamodel */ = {isa = PBXFileReference; lastKnownFileType = wrapper.xcdatamodel; path = MyAssistant.xcdatamodel; sourceTree = "<group>"; };
		CEBBCFB91FDE6F6F003C1E87 /* MyAssistant 2.xcdatamodel */ = {isa = PBXFileReference; lastKnownFileType = wrapper.xcdatamodel; path = "MyAssistant 2.xcdatamodel"; sourceTree = "<group>"; };
		CEE328881FDFDC9900C005A0 /* MyAssistant 3.xcdatamodel */ = {isa = PBXFileReference; lastKnownFileType = wrapper.xcdatamodel; path = "MyAssistant 3.xcdatamodel"; sourceTree = "<group>"; };
		CEEDE6B31FD5709000570CA4 /* SettingsTableViewController.swift */ = {isa = PBXFileReference; lastKnownFileType = sourcecode.swift; path = SettingsTableViewController.swift; sourceTree = "<group>"; };
		CEEDE6B51FD5783A00570CA4 /* Alert.swift */ = {isa = PBXFileReference; fileEncoding = 4; lastKnownFileType = sourcecode.swift; path = Alert.swift; sourceTree = "<group>"; };
		CEEDE6B71FD57B7300570CA4 /* MainNavigationController.swift */ = {isa = PBXFileReference; lastKnownFileType = sourcecode.swift; path = MainNavigationController.swift; sourceTree = "<group>"; };
		CEEDE6B91FD66A3400570CA4 /* Maps.swift */ = {isa = PBXFileReference; lastKnownFileType = sourcecode.swift; path = Maps.swift; sourceTree = "<group>"; };
/* End PBXFileReference section */

/* Begin PBXFrameworksBuildPhase section */
		CE2D1CAC1FD54EA70047004F /* Frameworks */ = {
			isa = PBXFrameworksBuildPhase;
			buildActionMask = 2147483647;
			files = (
				CE99B8B31FD672FB00E605CF /* CoreLocation.framework in Frameworks */,
				CE99B8B11FD6726600E605CF /* MapKit.framework in Frameworks */,
				12C4A5C3BAECEF055D53EF14 /* Pods_MyAssistant.framework in Frameworks */,
			);
			runOnlyForDeploymentPostprocessing = 0;
		};
/* End PBXFrameworksBuildPhase section */

/* Begin PBXGroup section */
		4357CE1E3539405EB61C8B57 /* Frameworks */ = {
			isa = PBXGroup;
			children = (
				CE99B8B21FD672C500E605CF /* CoreLocation.framework */,
				CE99B8B01FD6726600E605CF /* MapKit.framework */,
				16CEDFFEDA19DF9905C07829 /* Pods_MyAssistant.framework */,
			);
			name = Frameworks;
			sourceTree = "<group>";
		};
		AC334912A506B9E9328CB48A /* Pods */ = {
			isa = PBXGroup;
			children = (
				3D39FC06B897CB995D87FE3D /* Pods-MyAssistant.debug.xcconfig */,
				08BD1B7D4C947F4BABC926F6 /* Pods-MyAssistant.release.xcconfig */,
			);
			name = Pods;
			sourceTree = "<group>";
		};
		CE2D1CA61FD54EA70047004F = {
			isa = PBXGroup;
			children = (
				CE2D1CB11FD54EA70047004F /* MyAssistant */,
				CE2D1CB01FD54EA70047004F /* Products */,
				AC334912A506B9E9328CB48A /* Pods */,
				4357CE1E3539405EB61C8B57 /* Frameworks */,
			);
			sourceTree = "<group>";
		};
		CE2D1CB01FD54EA70047004F /* Products */ = {
			isa = PBXGroup;
			children = (
				CE2D1CAF1FD54EA70047004F /* MyAssistant.app */,
			);
			name = Products;
			sourceTree = "<group>";
		};
		CE2D1CB11FD54EA70047004F /* MyAssistant */ = {
			isa = PBXGroup;
			children = (
				CE2D1CB21FD54EA80047004F /* AppDelegate.swift */,
				CE2D1CB41FD54EA80047004F /* LoginViewController.swift */,
				CEEDE6B31FD5709000570CA4 /* SettingsTableViewController.swift */,
				CE68F32F1FDE55E9001554DE /* CoreDataManager.swift */,
				CE2E787D1FDABD5500AFA410 /* DatabaseController.swift */,
				CEA158581FE0F2F600BDA123 /* GoogleMapsViewController.swift */,
				CEEDE6B51FD5783A00570CA4 /* Alert.swift */,
				CEEDE6B71FD57B7300570CA4 /* MainNavigationController.swift */,
				CEBBCFB51FDE6E25003C1E87 /* MyAssistant.xcdatamodeld */,
				CEEDE6B91FD66A3400570CA4 /* Maps.swift */,
				CEA49BFC1FDA7C50002494B1 /* DashboardCollectionViewController.swift */,
				CE6F0B9B1FD8255F00D6A8EA /* PinAnnotation.swift */,
				CE2E787F1FDAC50500AFA410 /* PinDescriptionTableViewController.swift */,
				CE6F0B9D1FD908C000D6A8EA /* PinSaverTableViewController.swift */,
				CE2D1CB61FD54EA80047004F /* Main.storyboard */,
				CE2D1CBC1FD54EA80047004F /* Assets.xcassets */,
				CE2D1CBE1FD54EA80047004F /* LaunchScreen.storyboard */,
				CE2D1CC11FD54EA80047004F /* Info.plist */,
			);
			path = MyAssistant;
			sourceTree = "<group>";
		};
/* End PBXGroup section */

/* Begin PBXNativeTarget section */
		CE2D1CAE1FD54EA70047004F /* MyAssistant */ = {
			isa = PBXNativeTarget;
			buildConfigurationList = CE2D1CC41FD54EA80047004F /* Build configuration list for PBXNativeTarget "MyAssistant" */;
			buildPhases = (
				63FD7060038F068C07BC91EB /* [CP] Check Pods Manifest.lock */,
				CE2D1CAB1FD54EA70047004F /* Sources */,
				CE2D1CAC1FD54EA70047004F /* Frameworks */,
				CE2D1CAD1FD54EA70047004F /* Resources */,
				EF49338BE3310162DED2782F /* [CP] Embed Pods Frameworks */,
				B09A90F560D033A2FAF29A5E /* [CP] Copy Pods Resources */,
			);
			buildRules = (
			);
			dependencies = (
			);
			name = MyAssistant;
			productName = MyAssistant;
			productReference = CE2D1CAF1FD54EA70047004F /* MyAssistant.app */;
			productType = "com.apple.product-type.application";
		};
/* End PBXNativeTarget section */

/* Begin PBXProject section */
		CE2D1CA71FD54EA70047004F /* Project object */ = {
			isa = PBXProject;
			attributes = {
				LastSwiftUpdateCheck = 0910;
				LastUpgradeCheck = 0910;
				ORGANIZATIONNAME = Vignesh;
				TargetAttributes = {
					CE2D1CAE1FD54EA70047004F = {
						CreatedOnToolsVersion = 9.1;
						ProvisioningStyle = Automatic;
						SystemCapabilities = {
							com.apple.Maps.iOS = {
								enabled = 1;
							};
						};
					};
				};
			};
			buildConfigurationList = CE2D1CAA1FD54EA70047004F /* Build configuration list for PBXProject "MyAssistant" */;
			compatibilityVersion = "Xcode 8.0";
			developmentRegion = en;
			hasScannedForEncodings = 0;
			knownRegions = (
				en,
				Base,
			);
			mainGroup = CE2D1CA61FD54EA70047004F;
			productRefGroup = CE2D1CB01FD54EA70047004F /* Products */;
			projectDirPath = "";
			projectRoot = "";
			targets = (
				CE2D1CAE1FD54EA70047004F /* MyAssistant */,
			);
		};
/* End PBXProject section */

/* Begin PBXResourcesBuildPhase section */
		CE2D1CAD1FD54EA70047004F /* Resources */ = {
			isa = PBXResourcesBuildPhase;
			buildActionMask = 2147483647;
			files = (
				CE2D1CC01FD54EA80047004F /* LaunchScreen.storyboard in Resources */,
				CE2D1CBD1FD54EA80047004F /* Assets.xcassets in Resources */,
				CE2D1CB81FD54EA80047004F /* Main.storyboard in Resources */,
			);
			runOnlyForDeploymentPostprocessing = 0;
		};
/* End PBXResourcesBuildPhase section */

/* Begin PBXShellScriptBuildPhase section */
		63FD7060038F068C07BC91EB /* [CP] Check Pods Manifest.lock */ = {
			isa = PBXShellScriptBuildPhase;
			buildActionMask = 2147483647;
			files = (
			);
			inputPaths = (
				"${PODS_PODFILE_DIR_PATH}/Podfile.lock",
				"${PODS_ROOT}/Manifest.lock",
			);
			name = "[CP] Check Pods Manifest.lock";
			outputPaths = (
				"$(DERIVED_FILE_DIR)/Pods-MyAssistant-checkManifestLockResult.txt",
			);
			runOnlyForDeploymentPostprocessing = 0;
			shellPath = /bin/sh;
			shellScript = "diff \"${PODS_PODFILE_DIR_PATH}/Podfile.lock\" \"${PODS_ROOT}/Manifest.lock\" > /dev/null\nif [ $? != 0 ] ; then\n    # print error to STDERR\n    echo \"error: The sandbox is not in sync with the Podfile.lock. Run 'pod install' or update your CocoaPods installation.\" >&2\n    exit 1\nfi\n# This output is used by Xcode 'outputs' to avoid re-running this script phase.\necho \"SUCCESS\" > \"${SCRIPT_OUTPUT_FILE_0}\"\n";
			showEnvVarsInLog = 0;
		};
		B09A90F560D033A2FAF29A5E /* [CP] Copy Pods Resources */ = {
			isa = PBXShellScriptBuildPhase;
			buildActionMask = 2147483647;
			files = (
			);
			inputPaths = (
				"${SRCROOT}/Pods/Target Support Files/Pods-MyAssistant/Pods-MyAssistant-resources.sh",
				"${PODS_ROOT}/GoogleMaps/Maps/Frameworks/GoogleMaps.framework/Resources/GoogleMaps.bundle",
				"${PODS_ROOT}/GooglePlaces/Frameworks/GooglePlaces.framework/Resources/GooglePlaces.bundle",
			);
			name = "[CP] Copy Pods Resources";
			outputPaths = (
				"${TARGET_BUILD_DIR}/${UNLOCALIZED_RESOURCES_FOLDER_PATH}/GoogleMaps.bundle",
				"${TARGET_BUILD_DIR}/${UNLOCALIZED_RESOURCES_FOLDER_PATH}/GooglePlaces.bundle",
			);
			runOnlyForDeploymentPostprocessing = 0;
			shellPath = /bin/sh;
			shellScript = "\"${SRCROOT}/Pods/Target Support Files/Pods-MyAssistant/Pods-MyAssistant-resources.sh\"\n";
			showEnvVarsInLog = 0;
		};
		EF49338BE3310162DED2782F /* [CP] Embed Pods Frameworks */ = {
			isa = PBXShellScriptBuildPhase;
			buildActionMask = 2147483647;
			files = (
			);
			inputPaths = (
				"${SRCROOT}/Pods/Target Support Files/Pods-MyAssistant/Pods-MyAssistant-frameworks.sh",
				"${BUILT_PRODUCTS_DIR}/Bolts/Bolts.framework",
				"${BUILT_PRODUCTS_DIR}/FBSDKCoreKit/FBSDKCoreKit.framework",
				"${BUILT_PRODUCTS_DIR}/FBSDKLoginKit/FBSDKLoginKit.framework",
				"${BUILT_PRODUCTS_DIR}/FBSDKShareKit/FBSDKShareKit.framework",
				"${BUILT_PRODUCTS_DIR}/FacebookCore/FacebookCore.framework",
				"${BUILT_PRODUCTS_DIR}/FacebookLogin/FacebookLogin.framework",
				"${BUILT_PRODUCTS_DIR}/FacebookShare/FacebookShare.framework",
			);
			name = "[CP] Embed Pods Frameworks";
			outputPaths = (
				"${TARGET_BUILD_DIR}/${FRAMEWORKS_FOLDER_PATH}/Bolts.framework",
				"${TARGET_BUILD_DIR}/${FRAMEWORKS_FOLDER_PATH}/FBSDKCoreKit.framework",
				"${TARGET_BUILD_DIR}/${FRAMEWORKS_FOLDER_PATH}/FBSDKLoginKit.framework",
				"${TARGET_BUILD_DIR}/${FRAMEWORKS_FOLDER_PATH}/FBSDKShareKit.framework",
				"${TARGET_BUILD_DIR}/${FRAMEWORKS_FOLDER_PATH}/FacebookCore.framework",
				"${TARGET_BUILD_DIR}/${FRAMEWORKS_FOLDER_PATH}/FacebookLogin.framework",
				"${TARGET_BUILD_DIR}/${FRAMEWORKS_FOLDER_PATH}/FacebookShare.framework",
			);
			runOnlyForDeploymentPostprocessing = 0;
			shellPath = /bin/sh;
			shellScript = "\"${SRCROOT}/Pods/Target Support Files/Pods-MyAssistant/Pods-MyAssistant-frameworks.sh\"\n";
			showEnvVarsInLog = 0;
		};
/* End PBXShellScriptBuildPhase section */

/* Begin PBXSourcesBuildPhase section */
		CE2D1CAB1FD54EA70047004F /* Sources */ = {
			isa = PBXSourcesBuildPhase;
			buildActionMask = 2147483647;
			files = (
				CE2E78801FDAC50500AFA410 /* PinDescriptionTableViewController.swift in Sources */,
				CEEDE6B81FD57B7300570CA4 /* MainNavigationController.swift in Sources */,
				CE2D1CB51FD54EA80047004F /* LoginViewController.swift in Sources */,
				CE6F0B9E1FD908C000D6A8EA /* PinSaverTableViewController.swift in Sources */,
				CEA158591FE0F2F600BDA123 /* GoogleMapsViewController.swift in Sources */,
				CEEDE6BA1FD66A3400570CA4 /* Maps.swift in Sources */,
				CE2E787E1FDABD5500AFA410 /* DatabaseController.swift in Sources */,
				CE68F3301FDE55E9001554DE /* CoreDataManager.swift in Sources */,
				CEBBCFB81FDE6E3D003C1E87 /* MyAssistant.xcdatamodeld in Sources */,
				CEA49BFD1FDA7C50002494B1 /* DashboardCollectionViewController.swift in Sources */,
				CEEDE6B41FD5709000570CA4 /* SettingsTableViewController.swift in Sources */,
				CE6F0B9C1FD8255F00D6A8EA /* PinAnnotation.swift in Sources */,
				CEEDE6B61FD5783A00570CA4 /* Alert.swift in Sources */,
				CE2D1CB31FD54EA80047004F /* AppDelegate.swift in Sources */,
			);
			runOnlyForDeploymentPostprocessing = 0;
		};
/* End PBXSourcesBuildPhase section */

/* Begin PBXVariantGroup section */
		CE2D1CB61FD54EA80047004F /* Main.storyboard */ = {
			isa = PBXVariantGroup;
			children = (
				CE2D1CB71FD54EA80047004F /* Base */,
			);
			name = Main.storyboard;
			sourceTree = "<group>";
		};
		CE2D1CBE1FD54EA80047004F /* LaunchScreen.storyboard */ = {
			isa = PBXVariantGroup;
			children = (
				CE2D1CBF1FD54EA80047004F /* Base */,
			);
			name = LaunchScreen.storyboard;
			sourceTree = "<group>";
		};
/* End PBXVariantGroup section */

/* Begin XCBuildConfiguration section */
		CE2D1CC21FD54EA80047004F /* Debug */ = {
			isa = XCBuildConfiguration;
			buildSettings = {
				ALWAYS_SEARCH_USER_PATHS = NO;
				CLANG_ANALYZER_NONNULL = YES;
				CLANG_ANALYZER_NUMBER_OBJECT_CONVERSION = YES_AGGRESSIVE;
				CLANG_CXX_LANGUAGE_STANDARD = "gnu++14";
				CLANG_CXX_LIBRARY = "libc++";
				CLANG_ENABLE_MODULES = YES;
				CLANG_ENABLE_OBJC_ARC = YES;
				CLANG_WARN_BLOCK_CAPTURE_AUTORELEASING = YES;
				CLANG_WARN_BOOL_CONVERSION = YES;
				CLANG_WARN_COMMA = YES;
				CLANG_WARN_CONSTANT_CONVERSION = YES;
				CLANG_WARN_DIRECT_OBJC_ISA_USAGE = YES_ERROR;
				CLANG_WARN_DOCUMENTATION_COMMENTS = YES;
				CLANG_WARN_EMPTY_BODY = YES;
				CLANG_WARN_ENUM_CONVERSION = YES;
				CLANG_WARN_INFINITE_RECURSION = YES;
				CLANG_WARN_INT_CONVERSION = YES;
				CLANG_WARN_NON_LITERAL_NULL_CONVERSION = YES;
				CLANG_WARN_OBJC_LITERAL_CONVERSION = YES;
				CLANG_WARN_OBJC_ROOT_CLASS = YES_ERROR;
				CLANG_WARN_RANGE_LOOP_ANALYSIS = YES;
				CLANG_WARN_STRICT_PROTOTYPES = YES;
				CLANG_WARN_SUSPICIOUS_MOVE = YES;
				CLANG_WARN_UNGUARDED_AVAILABILITY = YES_AGGRESSIVE;
				CLANG_WARN_UNREACHABLE_CODE = YES;
				CLANG_WARN__DUPLICATE_METHOD_MATCH = YES;
				CODE_SIGN_IDENTITY = "iPhone Developer";
				COPY_PHASE_STRIP = NO;
				DEBUG_INFORMATION_FORMAT = dwarf;
				ENABLE_STRICT_OBJC_MSGSEND = YES;
				ENABLE_TESTABILITY = YES;
				GCC_C_LANGUAGE_STANDARD = gnu11;
				GCC_DYNAMIC_NO_PIC = NO;
				GCC_NO_COMMON_BLOCKS = YES;
				GCC_OPTIMIZATION_LEVEL = 0;
				GCC_PREPROCESSOR_DEFINITIONS = (
					"DEBUG=1",
					"$(inherited)",
				);
				GCC_WARN_64_TO_32_BIT_CONVERSION = YES;
				GCC_WARN_ABOUT_RETURN_TYPE = YES_ERROR;
				GCC_WARN_UNDECLARED_SELECTOR = YES;
				GCC_WARN_UNINITIALIZED_AUTOS = YES_AGGRESSIVE;
				GCC_WARN_UNUSED_FUNCTION = YES;
				GCC_WARN_UNUSED_VARIABLE = YES;
				IPHONEOS_DEPLOYMENT_TARGET = 11.1;
				MTL_ENABLE_DEBUG_INFO = YES;
				ONLY_ACTIVE_ARCH = YES;
				SDKROOT = iphoneos;
				SWIFT_ACTIVE_COMPILATION_CONDITIONS = DEBUG;
				SWIFT_OPTIMIZATION_LEVEL = "-Onone";
			};
			name = Debug;
		};
		CE2D1CC31FD54EA80047004F /* Release */ = {
			isa = XCBuildConfiguration;
			buildSettings = {
				ALWAYS_SEARCH_USER_PATHS = NO;
				CLANG_ANALYZER_NONNULL = YES;
				CLANG_ANALYZER_NUMBER_OBJECT_CONVERSION = YES_AGGRESSIVE;
				CLANG_CXX_LANGUAGE_STANDARD = "gnu++14";
				CLANG_CXX_LIBRARY = "libc++";
				CLANG_ENABLE_MODULES = YES;
				CLANG_ENABLE_OBJC_ARC = YES;
				CLANG_WARN_BLOCK_CAPTURE_AUTORELEASING = YES;
				CLANG_WARN_BOOL_CONVERSION = YES;
				CLANG_WARN_COMMA = YES;
				CLANG_WARN_CONSTANT_CONVERSION = YES;
				CLANG_WARN_DIRECT_OBJC_ISA_USAGE = YES_ERROR;
				CLANG_WARN_DOCUMENTATION_COMMENTS = YES;
				CLANG_WARN_EMPTY_BODY = YES;
				CLANG_WARN_ENUM_CONVERSION = YES;
				CLANG_WARN_INFINITE_RECURSION = YES;
				CLANG_WARN_INT_CONVERSION = YES;
				CLANG_WARN_NON_LITERAL_NULL_CONVERSION = YES;
				CLANG_WARN_OBJC_LITERAL_CONVERSION = YES;
				CLANG_WARN_OBJC_ROOT_CLASS = YES_ERROR;
				CLANG_WARN_RANGE_LOOP_ANALYSIS = YES;
				CLANG_WARN_STRICT_PROTOTYPES = YES;
				CLANG_WARN_SUSPICIOUS_MOVE = YES;
				CLANG_WARN_UNGUARDED_AVAILABILITY = YES_AGGRESSIVE;
				CLANG_WARN_UNREACHABLE_CODE = YES;
				CLANG_WARN__DUPLICATE_METHOD_MATCH = YES;
				CODE_SIGN_IDENTITY = "iPhone Developer";
				COPY_PHASE_STRIP = NO;
				DEBUG_INFORMATION_FORMAT = "dwarf-with-dsym";
				ENABLE_NS_ASSERTIONS = NO;
				ENABLE_STRICT_OBJC_MSGSEND = YES;
				GCC_C_LANGUAGE_STANDARD = gnu11;
				GCC_NO_COMMON_BLOCKS = YES;
				GCC_WARN_64_TO_32_BIT_CONVERSION = YES;
				GCC_WARN_ABOUT_RETURN_TYPE = YES_ERROR;
				GCC_WARN_UNDECLARED_SELECTOR = YES;
				GCC_WARN_UNINITIALIZED_AUTOS = YES_AGGRESSIVE;
				GCC_WARN_UNUSED_FUNCTION = YES;
				GCC_WARN_UNUSED_VARIABLE = YES;
				IPHONEOS_DEPLOYMENT_TARGET = 11.1;
				MTL_ENABLE_DEBUG_INFO = NO;
				SDKROOT = iphoneos;
				SWIFT_OPTIMIZATION_LEVEL = "-Owholemodule";
				VALIDATE_PRODUCT = YES;
			};
			name = Release;
		};
		CE2D1CC51FD54EA80047004F /* Debug */ = {
			isa = XCBuildConfiguration;
			baseConfigurationReference = 3D39FC06B897CB995D87FE3D /* Pods-MyAssistant.debug.xcconfig */;
			buildSettings = {
				ASSETCATALOG_COMPILER_APPICON_NAME = AppIcon;
				CODE_SIGN_IDENTITY = "iPhone Developer: Sambasiva Gupta Korada (222C97W6MJ)";
				"CODE_SIGN_IDENTITY[sdk=iphoneos*]" = "iPhone Developer";
				CODE_SIGN_STYLE = Automatic;
				DEVELOPMENT_TEAM = 59Z84QSR34;
				INFOPLIST_FILE = MyAssistant/Info.plist;
				LD_RUNPATH_SEARCH_PATHS = "$(inherited) @executable_path/Frameworks";
				PRODUCT_BUNDLE_IDENTIFIER = com.fullcraetive.FullPlanner;
				PRODUCT_NAME = "$(TARGET_NAME)";
				PROVISIONING_PROFILE_SPECIFIER = "";
				SWIFT_VERSION = 4.0;
				TARGETED_DEVICE_FAMILY = 1;
			};
			name = Debug;
		};
		CE2D1CC61FD54EA80047004F /* Release */ = {
			isa = XCBuildConfiguration;
			baseConfigurationReference = 08BD1B7D4C947F4BABC926F6 /* Pods-MyAssistant.release.xcconfig */;
			buildSettings = {
				ASSETCATALOG_COMPILER_APPICON_NAME = AppIcon;
				CODE_SIGN_IDENTITY = "iPhone Distribution";
				"CODE_SIGN_IDENTITY[sdk=iphoneos*]" = "iPhone Developer";
				CODE_SIGN_STYLE = Automatic;
				DEVELOPMENT_TEAM = 59Z84QSR34;
				INFOPLIST_FILE = MyAssistant/Info.plist;
				LD_RUNPATH_SEARCH_PATHS = "$(inherited) @executable_path/Frameworks";
				PRODUCT_BUNDLE_IDENTIFIER = com.fullcraetive.FullPlanner;
				PRODUCT_NAME = "$(TARGET_NAME)";
				PROVISIONING_PROFILE_SPECIFIER = "";
				SWIFT_VERSION = 4.0;
				TARGETED_DEVICE_FAMILY = 1;
			};
			name = Release;
		};
/* End XCBuildConfiguration section */

/* Begin XCConfigurationList section */
		CE2D1CAA1FD54EA70047004F /* Build configuration list for PBXProject "MyAssistant" */ = {
			isa = XCConfigurationList;
			buildConfigurations = (
				CE2D1CC21FD54EA80047004F /* Debug */,
				CE2D1CC31FD54EA80047004F /* Release */,
			);
			defaultConfigurationIsVisible = 0;
			defaultConfigurationName = Release;
		};
		CE2D1CC41FD54EA80047004F /* Build configuration list for PBXNativeTarget "MyAssistant" */ = {
			isa = XCConfigurationList;
			buildConfigurations = (
				CE2D1CC51FD54EA80047004F /* Debug */,
				CE2D1CC61FD54EA80047004F /* Release */,
			);
			defaultConfigurationIsVisible = 0;
			defaultConfigurationName = Release;
		};
/* End XCConfigurationList section */

/* Begin XCVersionGroup section */
		CEBBCFB51FDE6E25003C1E87 /* MyAssistant.xcdatamodeld */ = {
			isa = XCVersionGroup;
			children = (
				CEE328881FDFDC9900C005A0 /* MyAssistant 3.xcdatamodel */,
				CEBBCFB91FDE6F6F003C1E87 /* MyAssistant 2.xcdatamodel */,
				CEBBCFB61FDE6E25003C1E87 /* MyAssistant.xcdatamodel */,
			);
			currentVersion = CEE328881FDFDC9900C005A0 /* MyAssistant 3.xcdatamodel */;
			path = MyAssistant.xcdatamodeld;
			sourceTree = "<group>";
			versionGroupType = wrapper.xcdatamodel;
		};
/* End XCVersionGroup section */
	};
	rootObject = CE2D1CA71FD54EA70047004F /* Project object */;
}
